Microsoft Visual Studio Solution File, Format Version 12.00
# Visual Studio Version 17
VisualStudioVersion = 17.5.2.0
MinimumVisualStudioVersion = 10.0.40219.1
Project("{FAE04EC0-301F-11D3-BF4B-00C04F79EFBC}") = "WalletApp.API", "WalletApp.API.csproj", "{9D5320C7-01F7-4D86-75DB-8B2FA7DEACFB}"
EndProject
Global
	GlobalSection(SolutionConfigurationPlatforms) = preSolution
		Debug|Any CPU = Debug|Any CPU
		Release|Any CPU = Release|Any CPU
	EndGlobalSection
	GlobalSection(ProjectConfigurationPlatforms) = postSolution
		{9D5320C7-01F7-4D86-75DB-8B2FA7DEACFB}.Debug|Any CPU.ActiveCfg = Debug|Any CPU
		{9D5320C7-01F7-4D86-75DB-8B2FA7DEACFB}.Debug|Any CPU.Build.0 = Debug|Any CPU
		{9D5320C7-01F7-4D86-75DB-8B2FA7DEACFB}.Release|Any CPU.ActiveCfg = Release|Any CPU
		{9D5320C7-01F7-4D86-75DB-8B2FA7DEACFB}.Release|Any CPU.Build.0 = Release|Any CPU
	EndGlobalSection
	GlobalSection(SolutionProperties) = preSolution
		HideSolutionNode = FALSE
	EndGlobalSection
	GlobalSection(ExtensibilityGlobals) = postSolution
		SolutionGuid = {28012A10-2301-497D-AE20-4E1F087FF573}
	EndGlobalSection
EndGlobal
